
Microsoft Visual Studio Solution File, Format Version 12.00
# Visual Studio 15
VisualStudioVersion = 15.0.28307.489
MinimumVisualStudioVersion = 10.0.40219.1
Project("{8BC9CEB8-8B4A-11D0-8D11-00A0C91BC942}") = "data structures", "data structures\data structures.vcxproj", "{11503AA9-DD0F-4A66-8CEF-F312BE95F6DE}"
EndProject
Project("{8BC9CEB8-8B4A-11D0-8D11-00A0C91BC942}") = "header", "header\header.vcxproj", "{CD513F8C-FCBC-48B7-B283-FF4BA1051BF9}"
EndProject
Global
	GlobalSection(SolutionConfigurationPlatforms) = preSolution
		Debug|x64 = Debug|x64
		Debug|x86 = Debug|x86
		Release|x64 = Release|x64
		Release|x86 = Release|x86
	EndGlobalSection
	GlobalSection(ProjectConfigurationPlatforms) = postSolution
		{11503AA9-DD0F-4A66-8CEF-F312BE95F6DE}.Debug|x64.ActiveCfg = Debug|x64
		{11503AA9-DD0F-4A66-8CEF-F312BE95F6DE}.Debug|x64.Build.0 = Debug|x64
		{11503AA9-DD0F-4A66-8CEF-F312BE95F6DE}.Debug|x86.ActiveCfg = Debug|Win32
		{11503AA9-DD0F-4A66-8CEF-F312BE95F6DE}.Debug|x86.Build.0 = Debug|Win32
		{11503AA9-DD0F-4A66-8CEF-F312BE95F6DE}.Release|x64.ActiveCfg = Release|x64
		{11503AA9-DD0F-4A66-8CEF-F312BE95F6DE}.Release|x64.Build.0 = Release|x64
		{11503AA9-DD0F-4A66-8CEF-F312BE95F6DE}.Release|x86.ActiveCfg = Release|Win32
		{11503AA9-DD0F-4A66-8CEF-F312BE95F6DE}.Release|x86.Build.0 = Release|Win32
		{CD513F8C-FCBC-48B7-B283-FF4BA1051BF9}.Debug|x64.ActiveCfg = Debug|x64
		{CD513F8C-FCBC-48B7-B283-FF4BA1051BF9}.Debug|x64.Build.0 = Debug|x64
		{CD513F8C-FCBC-48B7-B283-FF4BA1051BF9}.Debug|x86.ActiveCfg = Debug|Win32
		{CD513F8C-FCBC-48B7-B283-FF4BA1051BF9}.Debug|x86.Build.0 = Debug|Win32
		{CD513F8C-FCBC-48B7-B283-FF4BA1051BF9}.Release|x64.ActiveCfg = Release|x64
		{CD513F8C-FCBC-48B7-B283-FF4BA1051BF9}.Release|x64.Build.0 = Release|x64
		{CD513F8C-FCBC-48B7-B283-FF4BA1051BF9}.Release|x86.ActiveCfg = Release|Win32
		{CD513F8C-FCBC-48B7-B283-FF4BA1051BF9}.Release|x86.Build.0 = Release|Win32
	EndGlobalSection
	GlobalSection(SolutionProperties) = preSolution
		HideSolutionNode = FALSE
	EndGlobalSection
	GlobalSection(ExtensibilityGlobals) = postSolution
		SolutionGuid = {09C7F6F5-5EFA-4A05-8468-17449E57AA08}
	EndGlobalSection
EndGlobal
